
Microsoft Visual Studio Solution File, Format Version 12.00
# Visual Studio Version 16
VisualStudioVersion = 16.0.29609.76
MinimumVisualStudioVersion = 10.0.40219.1
Project("{9A19103F-16F7-4668-BE54-9A1E7A4F7556}") = "DatingApp.API", "DatingApp.API.csproj", "{EA61ADBB-67A5-4071-8C1E-04FA9A178613}"
EndProject
Global
	GlobalSection(SolutionConfigurationPlatforms) = preSolution
		Debug|Any CPU = Debug|Any CPU
		Release|Any CPU = Release|Any CPU
	EndGlobalSection
	GlobalSection(ProjectConfigurationPlatforms) = postSolution
		{EA61ADBB-67A5-4071-8C1E-04FA9A178613}.Debug|Any CPU.ActiveCfg = Debug|Any CPU
		{EA61ADBB-67A5-4071-8C1E-04FA9A178613}.Debug|Any CPU.Build.0 = Debug|Any CPU
		{EA61ADBB-67A5-4071-8C1E-04FA9A178613}.Release|Any CPU.ActiveCfg = Release|Any CPU
		{EA61ADBB-67A5-4071-8C1E-04FA9A178613}.Release|Any CPU.Build.0 = Release|Any CPU
	EndGlobalSection
	GlobalSection(SolutionProperties) = preSolution
		HideSolutionNode = FALSE
	EndGlobalSection
	GlobalSection(ExtensibilityGlobals) = postSolution
		SolutionGuid = {B2F9B15A-9647-437F-9D29-E5AA7589ED42}
	EndGlobalSection
EndGlobal
